
Microsoft Visual Studio Solution File, Format Version 12.00
# Visual Studio Version 17
VisualStudioVersion = 17.8.34330.188
MinimumVisualStudioVersion = 10.0.40219.1
Project("{FAE04EC0-301F-11D3-BF4B-00C04F79EFBC}") = "ClipboardUtil.Cbu", "ClipboardUtil.Cbu\ClipboardUtil.Cbu.csproj", "{BB444446-A333-434D-87E5-F73C0C9F8DD7}"
EndProject
Project("{FAE04EC0-301F-11D3-BF4B-00C04F79EFBC}") = "ClipboardUtil.Core", "ClipboardUtil.Core\ClipboardUtil.Core.csproj", "{4F48DC36-897F-46E7-B6E9-D6ABBB386C1B}"
EndProject
Project("{FAE04EC0-301F-11D3-BF4B-00C04F79EFBC}") = "ClipboardUtil.Tests", "ClipboardUtil.Tests\ClipboardUtil.Tests.csproj", "{99B0E966-F002-4B3F-B267-EF008709EF79}"
EndProject
Global
	GlobalSection(SolutionConfigurationPlatforms) = preSolution
		Debug|Any CPU = Debug|Any CPU
		Release|Any CPU = Release|Any CPU
	EndGlobalSection
	GlobalSection(ProjectConfigurationPlatforms) = postSolution
		{BB444446-A333-434D-87E5-F73C0C9F8DD7}.Debug|Any CPU.ActiveCfg = Debug|Any CPU
		{BB444446-A333-434D-87E5-F73C0C9F8DD7}.Debug|Any CPU.Build.0 = Debug|Any CPU
		{BB444446-A333-434D-87E5-F73C0C9F8DD7}.Release|Any CPU.ActiveCfg = Release|Any CPU
		{BB444446-A333-434D-87E5-F73C0C9F8DD7}.Release|Any CPU.Build.0 = Release|Any CPU
		{4F48DC36-897F-46E7-B6E9-D6ABBB386C1B}.Debug|Any CPU.ActiveCfg = Debug|Any CPU
		{4F48DC36-897F-46E7-B6E9-D6ABBB386C1B}.Debug|Any CPU.Build.0 = Debug|Any CPU
		{4F48DC36-897F-46E7-B6E9-D6ABBB386C1B}.Release|Any CPU.ActiveCfg = Release|Any CPU
		{4F48DC36-897F-46E7-B6E9-D6ABBB386C1B}.Release|Any CPU.Build.0 = Release|Any CPU
		{99B0E966-F002-4B3F-B267-EF008709EF79}.Debug|Any CPU.ActiveCfg = Debug|Any CPU
		{99B0E966-F002-4B3F-B267-EF008709EF79}.Debug|Any CPU.Build.0 = Debug|Any CPU
		{99B0E966-F002-4B3F-B267-EF008709EF79}.Release|Any CPU.ActiveCfg = Release|Any CPU
		{99B0E966-F002-4B3F-B267-EF008709EF79}.Release|Any CPU.Build.0 = Release|Any CPU
	EndGlobalSection
	GlobalSection(SolutionProperties) = preSolution
		HideSolutionNode = FALSE
	EndGlobalSection
	GlobalSection(ExtensibilityGlobals) = postSolution
		SolutionGuid = {45F844E1-F9B1-4F9F-94FE-A865C962B73C}
	EndGlobalSection
EndGlobal
